// !$*UTF8*$!
{
	archiveVersion = 1;
	classes = {
	};
	objectVersion = 46;
	objects = {

/* Begin PBXBuildFile section */
		5CCE936446C6E32EEF8ECAFD /* Assets.xcassets in Resources */ = {isa = PBXBuildFile; fileRef = 5CCE9306A5B94586919EA75D /* Assets.xcassets */; };
		5CCE94428AF8E66A8580D83D /* ContentView.swift in Sources */ = {isa = PBXBuildFile; fileRef = 5CCE9EDE5BDC70D3974B48D8 /* ContentView.swift */; };
		5CCE95A907E530370F23E22C /* TodoModel.swift in Sources */ = {isa = PBXBuildFile; fileRef = 5CCE9025B7A9D8F24C525738 /* TodoModel.swift */; };
		5CCE96C8B8AAD1776D6F50CB /* SwiftUI_JSONApp.swift in Sources */ = {isa = PBXBuildFile; fileRef = 5CCE94B41C714F76D1A8F0BB /* SwiftUI_JSONApp.swift */; };
		5CCE985F5C58E71597C782DC /* TodoListView.swift in Sources */ = {isa = PBXBuildFile; fileRef = 5CCE939321ADF3BB33EEE5B3 /* TodoListView.swift */; };
		5CCE988CBCEE2693A2EBA070 /* Preview Assets.xcassets in Resources */ = {isa = PBXBuildFile; fileRef = 5CCE95CF809D59D659CDBDE1 /* Preview Assets.xcassets */; };
		5CCE9E2F913578F668A43D0E /* WebService.swift in Sources */ = {isa = PBXBuildFile; fileRef = 5CCE9DE7242F909FDD9637B4 /* WebService.swift */; };
/* End PBXBuildFile section */

/* Begin PBXFileReference section */
		5CCE9025B7A9D8F24C525738 /* TodoModel.swift */ = {isa = PBXFileReference; fileEncoding = 4; lastKnownFileType = sourcecode.swift; path = TodoModel.swift; sourceTree = "<group>"; };
		5CCE9306A5B94586919EA75D /* Assets.xcassets */ = {isa = PBXFileReference; lastKnownFileType = folder.assetcatalog; path = Assets.xcassets; sourceTree = "<group>"; };
		5CCE939321ADF3BB33EEE5B3 /* TodoListView.swift */ = {isa = PBXFileReference; fileEncoding = 4; lastKnownFileType = sourcecode.swift; path = TodoListView.swift; sourceTree = "<group>"; };
		5CCE94B41C714F76D1A8F0BB /* SwiftUI_JSONApp.swift */ = {isa = PBXFileReference; lastKnownFileType = sourcecode.swift; path = SwiftUI_JSONApp.swift; sourceTree = "<group>"; };
		5CCE95CF809D59D659CDBDE1 /* Preview Assets.xcassets */ = {isa = PBXFileReference; lastKnownFileType = folder.assetcatalog; path = "Preview Assets.xcassets"; sourceTree = "<group>"; };
		5CCE9D3CABE32F8CDDE2BB66 /* SwiftUI_JSON.app */ = {isa = PBXFileReference; explicitFileType = wrapper.application; includeInIndex = 0; path = SwiftUI_JSON.app; sourceTree = BUILT_PRODUCTS_DIR; };
		5CCE9DE7242F909FDD9637B4 /* WebService.swift */ = {isa = PBXFileReference; fileEncoding = 4; lastKnownFileType = sourcecode.swift; path = WebService.swift; sourceTree = "<group>"; };
		5CCE9EDE5BDC70D3974B48D8 /* ContentView.swift */ = {isa = PBXFileReference; lastKnownFileType = sourcecode.swift; path = ContentView.swift; sourceTree = "<group>"; };
/* End PBXFileReference section */

/* Begin PBXFrameworksBuildPhase section */
		5CCE97A3AD4F3210184B3946 /* Frameworks */ = {
			isa = PBXFrameworksBuildPhase;
			buildActionMask = 2147483647;
			files = (
			);
			runOnlyForDeploymentPostprocessing = 0;
		};
/* End PBXFrameworksBuildPhase section */

/* Begin PBXGroup section */
		5CCE906B73D5C0B1CC639171 = {
			isa = PBXGroup;
			children = (
				5CCE96CD6A7935D6C33F96D2 /* Products */,
				5CCE9631A24D97D9B889B8B8 /* SwiftUI_JSON */,
			);
			sourceTree = "<group>";
		};
		5CCE907D49F17DCE7D4464FF /* model */ = {
			isa = PBXGroup;
			children = (
				5CCE9025B7A9D8F24C525738 /* TodoModel.swift */,
			);
			path = model;
			sourceTree = "<group>";
		};
		5CCE9550C728E70A500B64A7 /* Preview Content */ = {
			isa = PBXGroup;
			children = (
				5CCE95CF809D59D659CDBDE1 /* Preview Assets.xcassets */,
			);
			path = "Preview Content";
			sourceTree = "<group>";
		};
		5CCE9631A24D97D9B889B8B8 /* SwiftUI_JSON */ = {
			isa = PBXGroup;
			children = (
				5CCE9306A5B94586919EA75D /* Assets.xcassets */,
				5CCE9550C728E70A500B64A7 /* Preview Content */,
				5CCE94B41C714F76D1A8F0BB /* SwiftUI_JSONApp.swift */,
				5CCE9EDE5BDC70D3974B48D8 /* ContentView.swift */,
				5CCE9DE7242F909FDD9637B4 /* WebService.swift */,
				5CCE907D49F17DCE7D4464FF /* model */,
				5CCE939321ADF3BB33EEE5B3 /* TodoListView.swift */,
			);
			path = SwiftUI_JSON;
			sourceTree = "<group>";
		};
		5CCE96CD6A7935D6C33F96D2 /* Products */ = {
			isa = PBXGroup;
			children = (
				5CCE9D3CABE32F8CDDE2BB66 /* SwiftUI_JSON.app */,
			);
			name = Products;
			sourceTree = "<group>";
		};
/* End PBXGroup section */

/* Begin PBXNativeTarget section */
		5CCE9A97FAF866D063BC99E8 /* SwiftUI_JSON */ = {
			isa = PBXNativeTarget;
			buildConfigurationList = 5CCE95EA2D5D20A985FC04B9 /* Build configuration list for PBXNativeTarget "SwiftUI_JSON" */;
			buildPhases = (
				5CCE907C9051E85007BAD5C8 /* Sources */,
				5CCE97A3AD4F3210184B3946 /* Frameworks */,
				5CCE989D2E89BA5747F33361 /* Resources */,
			);
			buildRules = (
			);
			dependencies = (
			);
			name = SwiftUI_JSON;
			productName = SwiftUI_JSON;
			productReference = 5CCE9D3CABE32F8CDDE2BB66 /* SwiftUI_JSON.app */;
			productType = "com.apple.product-type.application";
		};
/* End PBXNativeTarget section */

/* Begin PBXProject section */
		5CCE9B14F8B611767CEA1FB1 /* Project object */ = {
			isa = PBXProject;
			buildConfigurationList = 5CCE94072603E8D17F7DA71D /* Build configuration list for PBXProject "SwiftUI_JSON" */;
			compatibilityVersion = "Xcode 3.2";
			developmentRegion = English;
			hasScannedForEncodings = 0;
			knownRegions = (
				en,
			);
			mainGroup = 5CCE906B73D5C0B1CC639171;
			productRefGroup = 5CCE96CD6A7935D6C33F96D2 /* Products */;
			projectDirPath = "";
			projectRoot = "";
			targets = (
				5CCE9A97FAF866D063BC99E8 /* SwiftUI_JSON */,
			);
		};
/* End PBXProject section */

/* Begin PBXResourcesBuildPhase section */
		5CCE989D2E89BA5747F33361 /* Resources */ = {
			isa = PBXResourcesBuildPhase;
			buildActionMask = 2147483647;
			files = (
				5CCE936446C6E32EEF8ECAFD /* Assets.xcassets in Resources */,
				5CCE988CBCEE2693A2EBA070 /* Preview Assets.xcassets in Resources */,
			);
			runOnlyForDeploymentPostprocessing = 0;
		};
/* End PBXResourcesBuildPhase section */

/* Begin PBXSourcesBuildPhase section */
		5CCE907C9051E85007BAD5C8 /* Sources */ = {
			isa = PBXSourcesBuildPhase;
			buildActionMask = 2147483647;
			files = (
				5CCE96C8B8AAD1776D6F50CB /* SwiftUI_JSONApp.swift in Sources */,
				5CCE94428AF8E66A8580D83D /* ContentView.swift in Sources */,
				5CCE9E2F913578F668A43D0E /* WebService.swift in Sources */,
				5CCE95A907E530370F23E22C /* TodoModel.swift in Sources */,
				5CCE985F5C58E71597C782DC /* TodoListView.swift in Sources */,
			);
			runOnlyForDeploymentPostprocessing = 0;
		};
/* End PBXSourcesBuildPhase section */

/* Begin XCBuildConfiguration section */
		5CCE9132913062F4777D719A /* Debug */ = {
			isa = XCBuildConfiguration;
			buildSettings = {
				ASSETCATALOG_COMPILER_APPICON_NAME = AppIcon;
				ASSETCATALOG_COMPILER_GLOBAL_ACCENT_COLOR_NAME = AccentColor;
				CURRENT_PROJECT_VERSION = 1;
				DEVELOPMENT_ASSET_PATHS = "\"SwiftUI_JSON/Preview Content\"";
				ENABLE_BITCODE = NO;
				ENABLE_PREVIEWS = YES;
				GENERATE_INFOPLIST_FILE = YES;
				INFOPLIST_KEY_UIApplicationSceneManifest_Generation = YES;
				INFOPLIST_KEY_UIApplicationSupportsIndirectInputEvents = YES;
				INFOPLIST_KEY_UILaunchScreen_Generation = YES;
				INFOPLIST_KEY_UISupportedInterfaceOrientations_iPad = "UIInterfaceOrientationPortrait UIInterfaceOrientationPortraitUpsideDown UIInterfaceOrientationLandscapeLeft UIInterfaceOrientationLandscapeRight";
				INFOPLIST_KEY_UISupportedInterfaceOrientations_iPhone = "UIInterfaceOrientationPortrait UIInterfaceOrientationLandscapeLeft UIInterfaceOrientationLandscapeRight";
				LD_RUNPATH_SEARCH_PATHS = "$(inherited) @executable_path/Frameworks";
				MARKETING_VERSION = 1.0;
				OTHER_LDFLAGS = (
					"-Xlinker",
					"-interposable",
					"-Xlinker",
					"-undefined",
					"-Xlinker",
					dynamic_lookup,
				);
				PRODUCT_BUNDLE_IDENTIFIER = "com.icloud.SwiftUI-JSON";
				PRODUCT_NAME = "$(TARGET_NAME)";
				SWIFT_EMIT_LOC_STRINGS = YES;
				SWIFT_VERSION = 5.0;
				TARGETED_DEVICE_FAMILY = "1,2";
			};
			name = Debug;
		};
		5CCE985F2E56175C8C3E7F0C /* Release */ = {
			isa = XCBuildConfiguration;
			buildSettings = {
				ASSETCATALOG_COMPILER_APPICON_NAME = AppIcon;
				ASSETCATALOG_COMPILER_GLOBAL_ACCENT_COLOR_NAME = AccentColor;
				CURRENT_PROJECT_VERSION = 1;
				DEVELOPMENT_ASSET_PATHS = "\"SwiftUI_JSON/Preview Content\"";
				ENABLE_PREVIEWS = YES;
				GENERATE_INFOPLIST_FILE = YES;
				INFOPLIST_KEY_UIApplicationSceneManifest_Generation = YES;
				INFOPLIST_KEY_UIApplicationSupportsIndirectInputEvents = YES;
				INFOPLIST_KEY_UILaunchScreen_Generation = YES;
				INFOPLIST_KEY_UISupportedInterfaceOrientations_iPad = "UIInterfaceOrientationPortrait UIInterfaceOrientationPortraitUpsideDown UIInterfaceOrientationLandscapeLeft UIInterfaceOrientationLandscapeRight";
				INFOPLIST_KEY_UISupportedInterfaceOrientations_iPhone = "UIInterfaceOrientationPortrait UIInterfaceOrientationLandscapeLeft UIInterfaceOrientationLandscapeRight";
				LD_RUNPATH_SEARCH_PATHS = "$(inherited) @executable_path/Frameworks";
				MARKETING_VERSION = 1.0;
				PRODUCT_BUNDLE_IDENTIFIER = "com.icloud.SwiftUI-JSON";
				PRODUCT_NAME = "$(TARGET_NAME)";
				SWIFT_EMIT_LOC_STRINGS = YES;
				SWIFT_VERSION = 5.0;
				TARGETED_DEVICE_FAMILY = "1,2";
			};
			name = Release;
		};
		5CCE990217EE9A9DC5C72199 /* Debug */ = {
			isa = XCBuildConfiguration;
			buildSettings = {
				ALWAYS_SEARCH_USER_PATHS = NO;
				CLANG_ANALYZER_NONNULL = YES;
				CLANG_ANALYZER_NUMBER_OBJECT_CONVERSION = YES_AGGRESSIVE;
				CLANG_CXX_LANGUAGE_STANDARD = "gnu++17";
				CLANG_CXX_LIBRARY = "libc++";
				CLANG_ENABLE_MODULES = YES;
				CLANG_ENABLE_OBJC_ARC = YES;
				CLANG_ENABLE_OBJC_WEAK = YES;
				CLANG_WARN_BLOCK_CAPTURE_AUTORELEASING = YES;
				CLANG_WARN_BOOL_CONVERSION = YES;
				CLANG_WARN_COMMA = YES;
				CLANG_WARN_CONSTANT_CONVERSION = YES;
				CLANG_WARN_DEPRECATED_OBJC_IMPLEMENTATIONS = YES;
				CLANG_WARN_DIRECT_OBJC_ISA_USAGE = YES_ERROR;
				CLANG_WARN_DOCUMENTATION_COMMENTS = YES;
				CLANG_WARN_EMPTY_BODY = YES;
				CLANG_WARN_ENUM_CONVERSION = YES;
				CLANG_WARN_INFINITE_RECURSION = YES;
				CLANG_WARN_INT_CONVERSION = YES;
				CLANG_WARN_NON_LITERAL_NULL_CONVERSION = YES;
				CLANG_WARN_OBJC_IMPLICIT_RETAIN_SELF = YES;
				CLANG_WARN_OBJC_LITERAL_CONVERSION = YES;
				CLANG_WARN_OBJC_ROOT_CLASS = YES_ERROR;
				CLANG_WARN_QUOTED_INCLUDE_IN_FRAMEWORK_HEADER = YES;
				CLANG_WARN_RANGE_LOOP_ANALYSIS = YES;
				CLANG_WARN_STRICT_PROTOTYPES = YES;
				CLANG_WARN_SUSPICIOUS_MOVE = YES;
				CLANG_WARN_UNGUARDED_AVAILABILITY = YES_AGGRESSIVE;
				CLANG_WARN_UNREACHABLE_CODE = YES;
				CLANG_WARN__DUPLICATE_METHOD_MATCH = YES;
				COPY_PHASE_STRIP = NO;
				DEBUG_INFORMATION_FORMAT = dwarf;
				ENABLE_BITCODE = NO;
				ENABLE_STRICT_OBJC_MSGSEND = YES;
				ENABLE_TESTABILITY = YES;
				GCC_C_LANGUAGE_STANDARD = gnu11;
				GCC_DYNAMIC_NO_PIC = NO;
				GCC_NO_COMMON_BLOCKS = YES;
				GCC_OPTIMIZATION_LEVEL = 0;
				GCC_PREPROCESSOR_DEFINITIONS = (
					"DEBUG=1",
					"$(inherited)",
				);
				GCC_WARN_64_TO_32_BIT_CONVERSION = YES;
				GCC_WARN_ABOUT_RETURN_TYPE = YES_ERROR;
				GCC_WARN_UNDECLARED_SELECTOR = YES;
				GCC_WARN_UNINITIALIZED_AUTOS = YES_AGGRESSIVE;
				GCC_WARN_UNUSED_FUNCTION = YES;
				GCC_WARN_UNUSED_VARIABLE = YES;
				IPHONEOS_DEPLOYMENT_TARGET = 15.2;
				MTL_ENABLE_DEBUG_INFO = INCLUDE_SOURCE;
				MTL_FAST_MATH = YES;
				ONLY_ACTIVE_ARCH = YES;
				OTHER_LDFLAGS = (
					"-Xlinker",
					"-interposable",
					"-Xlinker",
					"-undefined",
					"-Xlinker",
					dynamic_lookup,
				);
				SDKROOT = iphoneos;
				SWIFT_ACTIVE_COMPILATION_CONDITIONS = DEBUG;
				SWIFT_OPTIMIZATION_LEVEL = "-Onone";
			};
			name = Debug;
		};
		5CCE9C369746106C369F6155 /* Release */ = {
			isa = XCBuildConfiguration;
			buildSettings = {
				ALWAYS_SEARCH_USER_PATHS = NO;
				CLANG_ANALYZER_NONNULL = YES;
				CLANG_ANALYZER_NUMBER_OBJECT_CONVERSION = YES_AGGRESSIVE;
				CLANG_CXX_LANGUAGE_STANDARD = "gnu++17";
				CLANG_CXX_LIBRARY = "libc++";
				CLANG_ENABLE_MODULES = YES;
				CLANG_ENABLE_OBJC_ARC = YES;
				CLANG_ENABLE_OBJC_WEAK = YES;
				CLANG_WARN_BLOCK_CAPTURE_AUTORELEASING = YES;
				CLANG_WARN_BOOL_CONVERSION = YES;
				CLANG_WARN_COMMA = YES;
				CLANG_WARN_CONSTANT_CONVERSION = YES;
				CLANG_WARN_DEPRECATED_OBJC_IMPLEMENTATIONS = YES;
				CLANG_WARN_DIRECT_OBJC_ISA_USAGE = YES_ERROR;
				CLANG_WARN_DOCUMENTATION_COMMENTS = YES;
				CLANG_WARN_EMPTY_BODY = YES;
				CLANG_WARN_ENUM_CONVERSION = YES;
				CLANG_WARN_INFINITE_RECURSION = YES;
				CLANG_WARN_INT_CONVERSION = YES;
				CLANG_WARN_NON_LITERAL_NULL_CONVERSION = YES;
				CLANG_WARN_OBJC_IMPLICIT_RETAIN_SELF = YES;
				CLANG_WARN_OBJC_LITERAL_CONVERSION = YES;
				CLANG_WARN_OBJC_ROOT_CLASS = YES_ERROR;
				CLANG_WARN_QUOTED_INCLUDE_IN_FRAMEWORK_HEADER = YES;
				CLANG_WARN_RANGE_LOOP_ANALYSIS = YES;
				CLANG_WARN_STRICT_PROTOTYPES = YES;
				CLANG_WARN_SUSPICIOUS_MOVE = YES;
				CLANG_WARN_UNGUARDED_AVAILABILITY = YES_AGGRESSIVE;
				CLANG_WARN_UNREACHABLE_CODE = YES;
				CLANG_WARN__DUPLICATE_METHOD_MATCH = YES;
				COPY_PHASE_STRIP = NO;
				DEBUG_INFORMATION_FORMAT = "dwarf-with-dsym";
				ENABLE_NS_ASSERTIONS = NO;
				ENABLE_STRICT_OBJC_MSGSEND = YES;
				GCC_C_LANGUAGE_STANDARD = gnu11;
				GCC_NO_COMMON_BLOCKS = YES;
				GCC_WARN_64_TO_32_BIT_CONVERSION = YES;
				GCC_WARN_ABOUT_RETURN_TYPE = YES_ERROR;
				GCC_WARN_UNDECLARED_SELECTOR = YES;
				GCC_WARN_UNINITIALIZED_AUTOS = YES_AGGRESSIVE;
				GCC_WARN_UNUSED_FUNCTION = YES;
				GCC_WARN_UNUSED_VARIABLE = YES;
				IPHONEOS_DEPLOYMENT_TARGET = 15.2;
				MTL_ENABLE_DEBUG_INFO = NO;
				MTL_FAST_MATH = YES;
				SDKROOT = iphoneos;
				SWIFT_COMPILATION_MODE = wholemodule;
				SWIFT_OPTIMIZATION_LEVEL = "-O";
				VALIDATE_PRODUCT = YES;
			};
			name = Release;
		};
/* End XCBuildConfiguration section */

/* Begin XCConfigurationList section */
		5CCE94072603E8D17F7DA71D /* Build configuration list for PBXProject "SwiftUI_JSON" */ = {
			isa = XCConfigurationList;
			buildConfigurations = (
				5CCE990217EE9A9DC5C72199 /* Debug */,
				5CCE9C369746106C369F6155 /* Release */,
			);
			defaultConfigurationIsVisible = 0;
			defaultConfigurationName = Release;
		};
		5CCE95EA2D5D20A985FC04B9 /* Build configuration list for PBXNativeTarget "SwiftUI_JSON" */ = {
			isa = XCConfigurationList;
			buildConfigurations = (
				5CCE9132913062F4777D719A /* Debug */,
				5CCE985F2E56175C8C3E7F0C /* Release */,
			);
			defaultConfigurationIsVisible = 0;
		};
/* End XCConfigurationList section */
	};
	rootObject = 5CCE9B14F8B611767CEA1FB1 /* Project object */;
}
